
Microsoft Visual Studio Solution File, Format Version 12.00
# Visual Studio Version 16
VisualStudioVersion = 16.0.30320.27
MinimumVisualStudioVersion = 10.0.40219.1
Project("{FAE04EC0-301F-11D3-BF4B-00C04F79EFBC}") = "Xamarin.Zendesk.iOS", "Xamarin.Zendesk.iOS\Xamarin.Zendesk.iOS.csproj", "{5142C8EF-876A-4E37-8B5F-633F86BE1FDA}"
EndProject
Project("{FAE04EC0-301F-11D3-BF4B-00C04F79EFBC}") = "Xamarin.Zendesk.Droid", "Xamarin.Zendesk.Droid\Xamarin.Zendesk.Droid.csproj", "{5531B23E-33C2-43A0-88C3-30AD3D989325}"
EndProject
Global
	GlobalSection(SolutionConfigurationPlatforms) = preSolution
		Debug|Any CPU = Debug|Any CPU
		Release|Any CPU = Release|Any CPU
	EndGlobalSection
	GlobalSection(ProjectConfigurationPlatforms) = postSolution
		{5142C8EF-876A-4E37-8B5F-633F86BE1FDA}.Debug|Any CPU.ActiveCfg = Debug|Any CPU
		{5142C8EF-876A-4E37-8B5F-633F86BE1FDA}.Debug|Any CPU.Build.0 = Debug|Any CPU
		{5142C8EF-876A-4E37-8B5F-633F86BE1FDA}.Release|Any CPU.ActiveCfg = Release|Any CPU
		{5142C8EF-876A-4E37-8B5F-633F86BE1FDA}.Release|Any CPU.Build.0 = Release|Any CPU
		{5531B23E-33C2-43A0-88C3-30AD3D989325}.Debug|Any CPU.ActiveCfg = Debug|Any CPU
		{5531B23E-33C2-43A0-88C3-30AD3D989325}.Debug|Any CPU.Build.0 = Debug|Any CPU
		{5531B23E-33C2-43A0-88C3-30AD3D989325}.Release|Any CPU.ActiveCfg = Release|Any CPU
		{5531B23E-33C2-43A0-88C3-30AD3D989325}.Release|Any CPU.Build.0 = Release|Any CPU
	EndGlobalSection
	GlobalSection(SolutionProperties) = preSolution
		HideSolutionNode = FALSE
	EndGlobalSection
	GlobalSection(ExtensibilityGlobals) = postSolution
		SolutionGuid = {D58D4815-2E91-4826-9B37-8F34B1786F15}
	EndGlobalSection
EndGlobal
